{
  "version": "5",
  "remote": {
    "https://edge.netlify.com/": "fd941d61d88673d5f28aab283fb86fcc50f08a3bc80ee5470498fcfa88c65cfb",
    "https://edge.netlify.com/bootstrap/config.ts": "6a2ce0e544e15e8f8883a5c18da5948e37fd0f2619f68cb31f3af53c51817025",
    "https://edge.netlify.com/bootstrap/context.ts": "e97240232121e2f369f6546ce961490f34d961ea1ea54be3ff09633e3f08373f",
    "https://edge.netlify.com/bootstrap/cookie.ts": "8b0baae708989ca183c6f3b4ab3d029e6abcbc2e43f93edeb0ff447b3bbc3a05",
    "https://edge.netlify.com/bootstrap/edge_function.ts": "b8253e86aa83c67341f5cfedeba5049d77fbf84dcab7eceff7566b7728ae9b39",
    "https://edge.netlify.com/bootstrap/globals/types.ts": "eaa6148ded3121d8dee62dd91c86e7fe76601df0f3ca8d7962243a30f4c8935f"
  },
  "workspace": {
    "packageJson": {
      "dependencies": [
        "npm:@anthropic-ai/sdk@~0.71.2",
        "npm:@dnd-kit/core@^6.3.1",
        "npm:@dnd-kit/sortable@10",
        "npm:@dnd-kit/utilities@^3.2.2",
        "npm:@emoji-mart/data@^1.2.1",
        "npm:@emoji-mart/react@^1.1.1",
        "npm:@hello-pangea/dnd@17",
        "npm:@huggingface/inference@^4.13.10",
        "npm:@radix-ui/react-avatar@^1.1.11",
        "npm:@radix-ui/react-dialog@^1.1.15",
        "npm:@radix-ui/react-dropdown-menu@^2.1.16",
        "npm:@radix-ui/react-scroll-area@^1.2.10",
        "npm:@radix-ui/react-separator@^1.1.8",
        "npm:@radix-ui/react-tooltip@^1.2.8",
        "npm:@sendgrid/mail@^8.1.6",
        "npm:@supabase/auth-helpers-nextjs@0.10",
        "npm:@supabase/auth-helpers-react@0.5",
        "npm:@supabase/ssr@0.7",
        "npm:@supabase/supabase-js@^2.78.0",
        "npm:@tanstack/react-query@^5.90.5",
        "npm:@types/node@^24.9.2",
        "npm:@types/nodemailer@^7.0.5",
        "npm:@types/react-big-calendar@^1.16.3",
        "npm:@types/react-grid-layout@^1.3.6",
        "npm:@types/react@^19.2.2",
        "npm:@types/uuid@^9.0.8",
        "npm:@types/web-push@^3.6.4",
        "npm:apify-client@^2.22.0",
        "npm:autoprefixer@^10.4.21",
        "npm:bullmq@^5.67.1",
        "npm:class-variance-authority@~0.7.1",
        "npm:clsx@^2.1.1",
        "npm:date-fns@^4.1.0",
        "npm:dotenv@^17.2.3",
        "npm:emoji-mart@^5.6.0",
        "npm:emoji-picker-react@^4.15.0",
        "npm:firebase@^10.14.1",
        "npm:framer-motion@^12.23.24",
        "npm:googleapis@170",
        "npm:gsap@^3.12.5",
        "npm:ioredis@^5.9.2",
        "npm:isomorphic-dompurify@^2.33.0",
        "npm:jspdf@4",
        "npm:lucide-react@0.548",
        "npm:next@14.2.35",
        "npm:nodemailer@^7.0.12",
        "npm:openai@^4.72.0",
        "npm:postcss@^8.5.6",
        "npm:react-big-calendar@^1.15.0",
        "npm:react-dom@^18.3.1",
        "npm:react-grid-layout@^1.5.2",
        "npm:react-is@^19.2.0",
        "npm:react-select@^5.8.3",
        "npm:react@^18.3.1",
        "npm:recharts@^3.3.0",
        "npm:sonner@^2.0.7",
        "npm:stripe@^14.25.0",
        "npm:tailwind-merge@^3.3.1",
        "npm:tailwindcss-animate@^1.0.7",
        "npm:tailwindcss@^3.4.18",
        "npm:typescript@^5.9.3",
        "npm:uuid@^9.0.1",
        "npm:vercel@^48.12.1",
        "npm:web-push@^3.6.7",
        "npm:zod@^4.1.12"
      ]
    }
  }
}
